// !$*UTF8*$!
{
	archiveVersion = 1;
	classes = {
	};
	objectVersion = 50;
	objects = {

/* Begin PBXBuildFile section */
		673377AA26A6C1D5006340A8 /* ecommerceApp.swift in Sources */ = {isa = PBXBuildFile; fileRef = 673377A926A6C1D5006340A8 /* ecommerceApp.swift */; };
		673377AC26A6C1D5006340A8 /* ContentView.swift in Sources */ = {isa = PBXBuildFile; fileRef = 673377AB26A6C1D5006340A8 /* ContentView.swift */; };
		673377AE26A6C1D5006340A8 /* Assets.xcassets in Resources */ = {isa = PBXBuildFile; fileRef = 673377AD26A6C1D5006340A8 /* Assets.xcassets */; };
		673377B126A6C1D5006340A8 /* Preview Assets.xcassets in Resources */ = {isa = PBXBuildFile; fileRef = 673377B026A6C1D5006340A8 /* Preview Assets.xcassets */; };
		673377BB26A6C20E006340A8 /* Home.swift in Sources */ = {isa = PBXBuildFile; fileRef = 673377BA26A6C20E006340A8 /* Home.swift */; };
		673377BD26A6C71C006340A8 /* TabButton.swift in Sources */ = {isa = PBXBuildFile; fileRef = 673377BC26A6C71C006340A8 /* TabButton.swift */; };
		673377BF26A6CD17006340A8 /* Item.swift in Sources */ = {isa = PBXBuildFile; fileRef = 673377BE26A6CD17006340A8 /* Item.swift */; };
		673377C126A6CF0A006340A8 /* CardView.swift in Sources */ = {isa = PBXBuildFile; fileRef = 673377C026A6CF0A006340A8 /* CardView.swift */; };
		673377C326A6D362006340A8 /* Detail.swift in Sources */ = {isa = PBXBuildFile; fileRef = 673377C226A6D362006340A8 /* Detail.swift */; };
		67D5E90726A6DB1C0029F6BD /* CustomShape.swift in Sources */ = {isa = PBXBuildFile; fileRef = 67D5E90626A6DB1C0029F6BD /* CustomShape.swift */; };
/* End PBXBuildFile section */

/* Begin PBXFileReference section */
		673377A626A6C1D5006340A8 /* ecommerce.app */ = {isa = PBXFileReference; explicitFileType = wrapper.application; includeInIndex = 0; path = ecommerce.app; sourceTree = BUILT_PRODUCTS_DIR; };
		673377A926A6C1D5006340A8 /* ecommerceApp.swift */ = {isa = PBXFileReference; lastKnownFileType = sourcecode.swift; path = ecommerceApp.swift; sourceTree = "<group>"; };
		673377AB26A6C1D5006340A8 /* ContentView.swift */ = {isa = PBXFileReference; lastKnownFileType = sourcecode.swift; path = ContentView.swift; sourceTree = "<group>"; };
		673377AD26A6C1D5006340A8 /* Assets.xcassets */ = {isa = PBXFileReference; lastKnownFileType = folder.assetcatalog; path = Assets.xcassets; sourceTree = "<group>"; };
		673377B026A6C1D5006340A8 /* Preview Assets.xcassets */ = {isa = PBXFileReference; lastKnownFileType = folder.assetcatalog; path = "Preview Assets.xcassets"; sourceTree = "<group>"; };
		673377B226A6C1D5006340A8 /* Info.plist */ = {isa = PBXFileReference; lastKnownFileType = text.plist.xml; path = Info.plist; sourceTree = "<group>"; };
		673377BA26A6C20E006340A8 /* Home.swift */ = {isa = PBXFileReference; lastKnownFileType = sourcecode.swift; path = Home.swift; sourceTree = "<group>"; };
		673377BC26A6C71C006340A8 /* TabButton.swift */ = {isa = PBXFileReference; lastKnownFileType = sourcecode.swift; path = TabButton.swift; sourceTree = "<group>"; };
		673377BE26A6CD17006340A8 /* Item.swift */ = {isa = PBXFileReference; lastKnownFileType = sourcecode.swift; path = Item.swift; sourceTree = "<group>"; };
		673377C026A6CF0A006340A8 /* CardView.swift */ = {isa = PBXFileReference; lastKnownFileType = sourcecode.swift; path = CardView.swift; sourceTree = "<group>"; };
		673377C226A6D362006340A8 /* Detail.swift */ = {isa = PBXFileReference; lastKnownFileType = sourcecode.swift; path = Detail.swift; sourceTree = "<group>"; };
		67D5E90626A6DB1C0029F6BD /* CustomShape.swift */ = {isa = PBXFileReference; lastKnownFileType = sourcecode.swift; path = CustomShape.swift; sourceTree = "<group>"; };
/* End PBXFileReference section */

/* Begin PBXFrameworksBuildPhase section */
		673377A326A6C1D5006340A8 /* Frameworks */ = {
			isa = PBXFrameworksBuildPhase;
			buildActionMask = 2147483647;
			files = (
			);
			runOnlyForDeploymentPostprocessing = 0;
		};
/* End PBXFrameworksBuildPhase section */

/* Begin PBXGroup section */
		6733779D26A6C1D4006340A8 = {
			isa = PBXGroup;
			children = (
				673377A826A6C1D5006340A8 /* ecommerce */,
				673377A726A6C1D5006340A8 /* Products */,
			);
			sourceTree = "<group>";
		};
		673377A726A6C1D5006340A8 /* Products */ = {
			isa = PBXGroup;
			children = (
				673377A626A6C1D5006340A8 /* ecommerce.app */,
			);
			name = Products;
			sourceTree = "<group>";
		};
		673377A826A6C1D5006340A8 /* ecommerce */ = {
			isa = PBXGroup;
			children = (
				673377B926A6C1F1006340A8 /* Model */,
				673377B826A6C1EA006340A8 /* View */,
				673377AB26A6C1D5006340A8 /* ContentView.swift */,
				673377A926A6C1D5006340A8 /* ecommerceApp.swift */,
				673377AD26A6C1D5006340A8 /* Assets.xcassets */,
				673377B226A6C1D5006340A8 /* Info.plist */,
				673377AF26A6C1D5006340A8 /* Preview Content */,
			);
			path = ecommerce;
			sourceTree = "<group>";
		};
		673377AF26A6C1D5006340A8 /* Preview Content */ = {
			isa = PBXGroup;
			children = (
				673377B026A6C1D5006340A8 /* Preview Assets.xcassets */,
			);
			path = "Preview Content";
			sourceTree = "<group>";
		};
		673377B826A6C1EA006340A8 /* View */ = {
			isa = PBXGroup;
			children = (
				673377BA26A6C20E006340A8 /* Home.swift */,
				673377BC26A6C71C006340A8 /* TabButton.swift */,
				673377C026A6CF0A006340A8 /* CardView.swift */,
				673377C226A6D362006340A8 /* Detail.swift */,
				67D5E90626A6DB1C0029F6BD /* CustomShape.swift */,
			);
			path = View;
			sourceTree = "<group>";
		};
		673377B926A6C1F1006340A8 /* Model */ = {
			isa = PBXGroup;
			children = (
				673377BE26A6CD17006340A8 /* Item.swift */,
			);
			path = Model;
			sourceTree = "<group>";
		};
/* End PBXGroup section */

/* Begin PBXNativeTarget section */
		673377A526A6C1D5006340A8 /* ecommerce */ = {
			isa = PBXNativeTarget;
			buildConfigurationList = 673377B526A6C1D5006340A8 /* Build configuration list for PBXNativeTarget "ecommerce" */;
			buildPhases = (
				673377A226A6C1D5006340A8 /* Sources */,
				673377A326A6C1D5006340A8 /* Frameworks */,
				673377A426A6C1D5006340A8 /* Resources */,
			);
			buildRules = (
			);
			dependencies = (
			);
			name = ecommerce;
			productName = ecommerce;
			productReference = 673377A626A6C1D5006340A8 /* ecommerce.app */;
			productType = "com.apple.product-type.application";
		};
/* End PBXNativeTarget section */

/* Begin PBXProject section */
		6733779E26A6C1D4006340A8 /* Project object */ = {
			isa = PBXProject;
			attributes = {
				LastSwiftUpdateCheck = 1250;
				LastUpgradeCheck = 1250;
				TargetAttributes = {
					673377A526A6C1D5006340A8 = {
						CreatedOnToolsVersion = 12.5.1;
					};
				};
			};
			buildConfigurationList = 673377A126A6C1D4006340A8 /* Build configuration list for PBXProject "ecommerce" */;
			compatibilityVersion = "Xcode 9.3";
			developmentRegion = en;
			hasScannedForEncodings = 0;
			knownRegions = (
				en,
				Base,
			);
			mainGroup = 6733779D26A6C1D4006340A8;
			productRefGroup = 673377A726A6C1D5006340A8 /* Products */;
			projectDirPath = "";
			projectRoot = "";
			targets = (
				673377A526A6C1D5006340A8 /* ecommerce */,
			);
		};
/* End PBXProject section */

/* Begin PBXResourcesBuildPhase section */
		673377A426A6C1D5006340A8 /* Resources */ = {
			isa = PBXResourcesBuildPhase;
			buildActionMask = 2147483647;
			files = (
				673377B126A6C1D5006340A8 /* Preview Assets.xcassets in Resources */,
				673377AE26A6C1D5006340A8 /* Assets.xcassets in Resources */,
			);
			runOnlyForDeploymentPostprocessing = 0;
		};
/* End PBXResourcesBuildPhase section */

/* Begin PBXSourcesBuildPhase section */
		673377A226A6C1D5006340A8 /* Sources */ = {
			isa = PBXSourcesBuildPhase;
			buildActionMask = 2147483647;
			files = (
				67D5E90726A6DB1C0029F6BD /* CustomShape.swift in Sources */,
				673377AC26A6C1D5006340A8 /* ContentView.swift in Sources */,
				673377C326A6D362006340A8 /* Detail.swift in Sources */,
				673377BD26A6C71C006340A8 /* TabButton.swift in Sources */,
				673377BF26A6CD17006340A8 /* Item.swift in Sources */,
				673377BB26A6C20E006340A8 /* Home.swift in Sources */,
				673377C126A6CF0A006340A8 /* CardView.swift in Sources */,
				673377AA26A6C1D5006340A8 /* ecommerceApp.swift in Sources */,
			);
			runOnlyForDeploymentPostprocessing = 0;
		};
/* End PBXSourcesBuildPhase section */

/* Begin XCBuildConfiguration section */
		673377B326A6C1D5006340A8 /* Debug */ = {
			isa = XCBuildConfiguration;
			buildSettings = {
				ALWAYS_SEARCH_USER_PATHS = NO;
				CLANG_ANALYZER_NONNULL = YES;
				CLANG_ANALYZER_NUMBER_OBJECT_CONVERSION = YES_AGGRESSIVE;
				CLANG_CXX_LANGUAGE_STANDARD = "gnu++14";
				CLANG_CXX_LIBRARY = "libc++";
				CLANG_ENABLE_MODULES = YES;
				CLANG_ENABLE_OBJC_ARC = YES;
				CLANG_ENABLE_OBJC_WEAK = YES;
				CLANG_WARN_BLOCK_CAPTURE_AUTORELEASING = YES;
				CLANG_WARN_BOOL_CONVERSION = YES;
				CLANG_WARN_COMMA = YES;
				CLANG_WARN_CONSTANT_CONVERSION = YES;
				CLANG_WARN_DEPRECATED_OBJC_IMPLEMENTATIONS = YES;
				CLANG_WARN_DIRECT_OBJC_ISA_USAGE = YES_ERROR;
				CLANG_WARN_DOCUMENTATION_COMMENTS = YES;
				CLANG_WARN_EMPTY_BODY = YES;
				CLANG_WARN_ENUM_CONVERSION = YES;
				CLANG_WARN_INFINITE_RECURSION = YES;
				CLANG_WARN_INT_CONVERSION = YES;
				CLANG_WARN_NON_LITERAL_NULL_CONVERSION = YES;
				CLANG_WARN_OBJC_IMPLICIT_RETAIN_SELF = YES;
				CLANG_WARN_OBJC_LITERAL_CONVERSION = YES;
				CLANG_WARN_OBJC_ROOT_CLASS = YES_ERROR;
				CLANG_WARN_QUOTED_INCLUDE_IN_FRAMEWORK_HEADER = YES;
				CLANG_WARN_RANGE_LOOP_ANALYSIS = YES;
				CLANG_WARN_STRICT_PROTOTYPES = YES;
				CLANG_WARN_SUSPICIOUS_MOVE = YES;
				CLANG_WARN_UNGUARDED_AVAILABILITY = YES_AGGRESSIVE;
				CLANG_WARN_UNREACHABLE_CODE = YES;
				CLANG_WARN__DUPLICATE_METHOD_MATCH = YES;
				COPY_PHASE_STRIP = NO;
				DEBUG_INFORMATION_FORMAT = dwarf;
				ENABLE_STRICT_OBJC_MSGSEND = YES;
				ENABLE_TESTABILITY = YES;
				GCC_C_LANGUAGE_STANDARD = gnu11;
				GCC_DYNAMIC_NO_PIC = NO;
				GCC_NO_COMMON_BLOCKS = YES;
				GCC_OPTIMIZATION_LEVEL = 0;
				GCC_PREPROCESSOR_DEFINITIONS = (
					"DEBUG=1",
					"$(inherited)",
				);
				GCC_WARN_64_TO_32_BIT_CONVERSION = YES;
				GCC_WARN_ABOUT_RETURN_TYPE = YES_ERROR;
				GCC_WARN_UNDECLARED_SELECTOR = YES;
				GCC_WARN_UNINITIALIZED_AUTOS = YES_AGGRESSIVE;
				GCC_WARN_UNUSED_FUNCTION = YES;
				GCC_WARN_UNUSED_VARIABLE = YES;
				IPHONEOS_DEPLOYMENT_TARGET = 14.5;
				MTL_ENABLE_DEBUG_INFO = INCLUDE_SOURCE;
				MTL_FAST_MATH = YES;
				ONLY_ACTIVE_ARCH = YES;
				SDKROOT = iphoneos;
				SWIFT_ACTIVE_COMPILATION_CONDITIONS = DEBUG;
				SWIFT_OPTIMIZATION_LEVEL = "-Onone";
			};
			name = Debug;
		};
		673377B426A6C1D5006340A8 /* Release */ = {
			isa = XCBuildConfiguration;
			buildSettings = {
				ALWAYS_SEARCH_USER_PATHS = NO;
				CLANG_ANALYZER_NONNULL = YES;
				CLANG_ANALYZER_NUMBER_OBJECT_CONVERSION = YES_AGGRESSIVE;
				CLANG_CXX_LANGUAGE_STANDARD = "gnu++14";
				CLANG_CXX_LIBRARY = "libc++";
				CLANG_ENABLE_MODULES = YES;
				CLANG_ENABLE_OBJC_ARC = YES;
				CLANG_ENABLE_OBJC_WEAK = YES;
				CLANG_WARN_BLOCK_CAPTURE_AUTORELEASING = YES;
				CLANG_WARN_BOOL_CONVERSION = YES;
				CLANG_WARN_COMMA = YES;
				CLANG_WARN_CONSTANT_CONVERSION = YES;
				CLANG_WARN_DEPRECATED_OBJC_IMPLEMENTATIONS = YES;
				CLANG_WARN_DIRECT_OBJC_ISA_USAGE = YES_ERROR;
				CLANG_WARN_DOCUMENTATION_COMMENTS = YES;
				CLANG_WARN_EMPTY_BODY = YES;
				CLANG_WARN_ENUM_CONVERSION = YES;
				CLANG_WARN_INFINITE_RECURSION = YES;
				CLANG_WARN_INT_CONVERSION = YES;
				CLANG_WARN_NON_LITERAL_NULL_CONVERSION = YES;
				CLANG_WARN_OBJC_IMPLICIT_RETAIN_SELF = YES;
				CLANG_WARN_OBJC_LITERAL_CONVERSION = YES;
				CLANG_WARN_OBJC_ROOT_CLASS = YES_ERROR;
				CLANG_WARN_QUOTED_INCLUDE_IN_FRAMEWORK_HEADER = YES;
				CLANG_WARN_RANGE_LOOP_ANALYSIS = YES;
				CLANG_WARN_STRICT_PROTOTYPES = YES;
				CLANG_WARN_SUSPICIOUS_MOVE = YES;
				CLANG_WARN_UNGUARDED_AVAILABILITY = YES_AGGRESSIVE;
				CLANG_WARN_UNREACHABLE_CODE = YES;
				CLANG_WARN__DUPLICATE_METHOD_MATCH = YES;
				COPY_PHASE_STRIP = NO;
				DEBUG_INFORMATION_FORMAT = "dwarf-with-dsym";
				ENABLE_NS_ASSERTIONS = NO;
				ENABLE_STRICT_OBJC_MSGSEND = YES;
				GCC_C_LANGUAGE_STANDARD = gnu11;
				GCC_NO_COMMON_BLOCKS = YES;
				GCC_WARN_64_TO_32_BIT_CONVERSION = YES;
				GCC_WARN_ABOUT_RETURN_TYPE = YES_ERROR;
				GCC_WARN_UNDECLARED_SELECTOR = YES;
				GCC_WARN_UNINITIALIZED_AUTOS = YES_AGGRESSIVE;
				GCC_WARN_UNUSED_FUNCTION = YES;
				GCC_WARN_UNUSED_VARIABLE = YES;
				IPHONEOS_DEPLOYMENT_TARGET = 14.5;
				MTL_ENABLE_DEBUG_INFO = NO;
				MTL_FAST_MATH = YES;
				SDKROOT = iphoneos;
				SWIFT_COMPILATION_MODE = wholemodule;
				SWIFT_OPTIMIZATION_LEVEL = "-O";
				VALIDATE_PRODUCT = YES;
			};
			name = Release;
		};
		673377B626A6C1D5006340A8 /* Debug */ = {
			isa = XCBuildConfiguration;
			buildSettings = {
				ASSETCATALOG_COMPILER_APPICON_NAME = AppIcon;
				ASSETCATALOG_COMPILER_GLOBAL_ACCENT_COLOR_NAME = AccentColor;
				CODE_SIGN_STYLE = Automatic;
				DEVELOPMENT_ASSET_PATHS = "\"ecommerce/Preview Content\"";
				DEVELOPMENT_TEAM = CPYT3A73TA;
				ENABLE_PREVIEWS = YES;
				INFOPLIST_FILE = ecommerce/Info.plist;
				IPHONEOS_DEPLOYMENT_TARGET = 14.0;
				LD_RUNPATH_SEARCH_PATHS = (
					"$(inherited)",
					"@executable_path/Frameworks",
				);
				PRODUCT_BUNDLE_IDENTIFIER = mauro.ecommerce;
				PRODUCT_NAME = "$(TARGET_NAME)";
				SWIFT_VERSION = 5.0;
				TARGETED_DEVICE_FAMILY = "1,2";
			};
			name = Debug;
		};
		673377B726A6C1D5006340A8 /* Release */ = {
			isa = XCBuildConfiguration;
			buildSettings = {
				ASSETCATALOG_COMPILER_APPICON_NAME = AppIcon;
				ASSETCATALOG_COMPILER_GLOBAL_ACCENT_COLOR_NAME = AccentColor;
				CODE_SIGN_STYLE = Automatic;
				DEVELOPMENT_ASSET_PATHS = "\"ecommerce/Preview Content\"";
				DEVELOPMENT_TEAM = CPYT3A73TA;
				ENABLE_PREVIEWS = YES;
				INFOPLIST_FILE = ecommerce/Info.plist;
				IPHONEOS_DEPLOYMENT_TARGET = 14.0;
				LD_RUNPATH_SEARCH_PATHS = (
					"$(inherited)",
					"@executable_path/Frameworks",
				);
				PRODUCT_BUNDLE_IDENTIFIER = mauro.ecommerce;
				PRODUCT_NAME = "$(TARGET_NAME)";
				SWIFT_VERSION = 5.0;
				TARGETED_DEVICE_FAMILY = "1,2";
			};
			name = Release;
		};
/* End XCBuildConfiguration section */

/* Begin XCConfigurationList section */
		673377A126A6C1D4006340A8 /* Build configuration list for PBXProject "ecommerce" */ = {
			isa = XCConfigurationList;
			buildConfigurations = (
				673377B326A6C1D5006340A8 /* Debug */,
				673377B426A6C1D5006340A8 /* Release */,
			);
			defaultConfigurationIsVisible = 0;
			defaultConfigurationName = Release;
		};
		673377B526A6C1D5006340A8 /* Build configuration list for PBXNativeTarget "ecommerce" */ = {
			isa = XCConfigurationList;
			buildConfigurations = (
				673377B626A6C1D5006340A8 /* Debug */,
				673377B726A6C1D5006340A8 /* Release */,
			);
			defaultConfigurationIsVisible = 0;
			defaultConfigurationName = Release;
		};
/* End XCConfigurationList section */
	};
	rootObject = 6733779E26A6C1D4006340A8 /* Project object */;
}
